
Microsoft Visual Studio Solution File, Format Version 12.00
Project("{FAE04EC0-301F-11D3-BF4B-00C04F79EFBC}") = "InsuranceApp", "InsuranceApp\InsuranceApp.csproj", "{E6E317E4-7E1D-4C6E-A823-95BE3A4AEB03}"
EndProject
Global
	GlobalSection(SolutionConfigurationPlatforms) = preSolution
		Debug|Any CPU = Debug|Any CPU
		Release|Any CPU = Release|Any CPU
	EndGlobalSection
	GlobalSection(ProjectConfigurationPlatforms) = postSolution
		{E6E317E4-7E1D-4C6E-A823-95BE3A4AEB03}.Debug|Any CPU.ActiveCfg = Debug|Any CPU
		{E6E317E4-7E1D-4C6E-A823-95BE3A4AEB03}.Debug|Any CPU.Build.0 = Debug|Any CPU
		{E6E317E4-7E1D-4C6E-A823-95BE3A4AEB03}.Release|Any CPU.ActiveCfg = Release|Any CPU
		{E6E317E4-7E1D-4C6E-A823-95BE3A4AEB03}.Release|Any CPU.Build.0 = Release|Any CPU
	EndGlobalSection
EndGlobal
